
Microsoft Visual Studio Solution File, Format Version 12.00
# Visual Studio Version 17
VisualStudioVersion = 17.4.33103.184
MinimumVisualStudioVersion = 10.0.40219.1
Project("{FAE04EC0-301F-11D3-BF4B-00C04F79EFBC}") = "Api", "Api\Api.csproj", "{70D9DCDB-E5E1-4C9C-89C5-FBF6655CF6D0}"
EndProject
Project("{FAE04EC0-301F-11D3-BF4B-00C04F79EFBC}") = "Application", "Application\Application.csproj", "{22C171DD-B339-433D-903B-FDD451EC5628}"
EndProject
Project("{FAE04EC0-301F-11D3-BF4B-00C04F79EFBC}") = "Domain", "Domain\Domain.csproj", "{370A9847-DA15-417F-93EF-76ED850AA65F}"
EndProject
Project("{FAE04EC0-301F-11D3-BF4B-00C04F79EFBC}") = "Infra", "Infra\Infra.csproj", "{ADD93DF1-E659-4ACB-B578-238C8DE31759}"
EndProject
Project("{FAE04EC0-301F-11D3-BF4B-00C04F79EFBC}") = "Tests", "Tests\Tests.csproj", "{75D43AEA-C704-439C-99B6-FDA9989BA6E5}"
EndProject
Global
	GlobalSection(SolutionConfigurationPlatforms) = preSolution
		Debug|Any CPU = Debug|Any CPU
		Release|Any CPU = Release|Any CPU
	EndGlobalSection
	GlobalSection(ProjectConfigurationPlatforms) = postSolution
		{70D9DCDB-E5E1-4C9C-89C5-FBF6655CF6D0}.Debug|Any CPU.ActiveCfg = Debug|Any CPU
		{70D9DCDB-E5E1-4C9C-89C5-FBF6655CF6D0}.Debug|Any CPU.Build.0 = Debug|Any CPU
		{70D9DCDB-E5E1-4C9C-89C5-FBF6655CF6D0}.Release|Any CPU.ActiveCfg = Release|Any CPU
		{70D9DCDB-E5E1-4C9C-89C5-FBF6655CF6D0}.Release|Any CPU.Build.0 = Release|Any CPU
		{22C171DD-B339-433D-903B-FDD451EC5628}.Debug|Any CPU.ActiveCfg = Debug|Any CPU
		{22C171DD-B339-433D-903B-FDD451EC5628}.Debug|Any CPU.Build.0 = Debug|Any CPU
		{22C171DD-B339-433D-903B-FDD451EC5628}.Release|Any CPU.ActiveCfg = Release|Any CPU
		{22C171DD-B339-433D-903B-FDD451EC5628}.Release|Any CPU.Build.0 = Release|Any CPU
		{370A9847-DA15-417F-93EF-76ED850AA65F}.Debug|Any CPU.ActiveCfg = Debug|Any CPU
		{370A9847-DA15-417F-93EF-76ED850AA65F}.Debug|Any CPU.Build.0 = Debug|Any CPU
		{370A9847-DA15-417F-93EF-76ED850AA65F}.Release|Any CPU.ActiveCfg = Release|Any CPU
		{370A9847-DA15-417F-93EF-76ED850AA65F}.Release|Any CPU.Build.0 = Release|Any CPU
		{ADD93DF1-E659-4ACB-B578-238C8DE31759}.Debug|Any CPU.ActiveCfg = Debug|Any CPU
		{ADD93DF1-E659-4ACB-B578-238C8DE31759}.Debug|Any CPU.Build.0 = Debug|Any CPU
		{ADD93DF1-E659-4ACB-B578-238C8DE31759}.Release|Any CPU.ActiveCfg = Release|Any CPU
		{ADD93DF1-E659-4ACB-B578-238C8DE31759}.Release|Any CPU.Build.0 = Release|Any CPU
		{75D43AEA-C704-439C-99B6-FDA9989BA6E5}.Debug|Any CPU.ActiveCfg = Debug|Any CPU
		{75D43AEA-C704-439C-99B6-FDA9989BA6E5}.Debug|Any CPU.Build.0 = Debug|Any CPU
		{75D43AEA-C704-439C-99B6-FDA9989BA6E5}.Release|Any CPU.ActiveCfg = Release|Any CPU
		{75D43AEA-C704-439C-99B6-FDA9989BA6E5}.Release|Any CPU.Build.0 = Release|Any CPU
	EndGlobalSection
	GlobalSection(SolutionProperties) = preSolution
		HideSolutionNode = FALSE
	EndGlobalSection
	GlobalSection(ExtensibilityGlobals) = postSolution
		SolutionGuid = {3DABFF46-BB1A-4C43-99BF-76AD5F86CC36}
	EndGlobalSection
EndGlobal
